{
  "version": 4,
  "terraform_version": "1.13.3",
  "serial": 21,
  "lineage": "d11dd6db-def7-8df9-434c-55b0cfb26c9c",
  "outputs": {
    "key_vault_uri": {
      "value": "https://kv-securewebapp3380.vault.azure.net/",
      "type": "string"
    },
    "resource_group_name": {
      "value": "SecureRG",
      "type": "string"
    },
    "staging_slot_url": {
      "value": "https://securewebapp3380-staging.azurewebsites.net",
      "type": "string"
    },
    "webapp_url": {
      "value": "https://securewebapp3380.azurewebsites.net",
      "type": "string"
    }
  },
  "resources": [
    {
      "mode": "data",
      "type": "azurerm_client_config",
      "name": "current",
      "provider": "provider[\"registry.terraform.io/hashicorp/azurerm\"]",
      "instances": [
        {
          "schema_version": 0,
          "attributes": {
            "client_id": "04b07795-8ddb-461a-bbee-02f9e1bf7b46",
            "id": "Y2xpZW50Q29uZmlncy9jbGllbnRJZD0wNGIwNzc5NS04ZGRiLTQ2MWEtYmJlZS0wMmY5ZTFiZjdiNDY7b2JqZWN0SWQ9NDE3ODEwOTYtMjQ4OC00MDY0LTliZjgtYTMzMjE0ZTkzY2YzO3N1YnNjcmlwdGlvbklkPWFhOWI5ZDMxLTE2ZmMtNDRmNi1iMGE4LTk5ODExNmU1ZGFmNjt0ZW5hbnRJZD03Y2RjNTk3YS1hODQ5LTRmZjEtOTliYS0zNWE5OTdmN2JmMmU=",
            "object_id": "41781096-2488-4064-9bf8-a33214e93cf3",
            "subscription_id": "aa9b9d31-16fc-44f6-b0a8-998116e5daf6",
            "tenant_id": "7cdc597a-a849-4ff1-99ba-35a997f7bf2e",
            "timeouts": null
          },
          "sensitive_attributes": [],
          "identity_schema_version": 0
        }
      ]
    },
    {
      "mode": "managed",
      "type": "azurerm_key_vault",
      "name": "main",
      "provider": "provider[\"registry.terraform.io/hashicorp/azurerm\"]",
      "instances": [
        {
          "schema_version": 2,
          "attributes": {
            "access_policy": [
              {
                "application_id": "",
                "certificate_permissions": [],
                "key_permissions": [],
                "object_id": "41781096-2488-4064-9bf8-a33214e93cf3",
                "secret_permissions": [
                  "Get",
                  "List",
                  "Set",
                  "Delete",
                  "Recover",
                  "Backup",
                  "Restore"
                ],
                "storage_permissions": [],
                "tenant_id": "7cdc597a-a849-4ff1-99ba-35a997f7bf2e"
              }
            ],
            "contact": [],
            "enable_rbac_authorization": false,
            "enabled_for_deployment": false,
            "enabled_for_disk_encryption": false,
            "enabled_for_template_deployment": false,
            "id": "/subscriptions/aa9b9d31-16fc-44f6-b0a8-998116e5daf6/resourceGroups/SecureRG/providers/Microsoft.KeyVault/vaults/kv-securewebapp3380",
            "location": "italynorth",
            "name": "kv-securewebapp3380",
            "network_acls": [
              {
                "bypass": "AzureServices",
                "default_action": "Allow",
                "ip_rules": [],
                "virtual_network_subnet_ids": []
              }
            ],
            "public_network_access_enabled": true,
            "purge_protection_enabled": false,
            "resource_group_name": "SecureRG",
            "sku_name": "standard",
            "soft_delete_retention_days": 7,
            "tags": {},
            "tenant_id": "7cdc597a-a849-4ff1-99ba-35a997f7bf2e",
            "timeouts": null,
            "vault_uri": "https://kv-securewebapp3380.vault.azure.net/"
          },
          "sensitive_attributes": [],
          "identity_schema_version": 0,
          "private": "eyJlMmJmYjczMC1lY2FhLTExZTYtOGY4OC0zNDM2M2JjN2M0YzAiOnsiY3JlYXRlIjoxODAwMDAwMDAwMDAwLCJkZWxldGUiOjE4MDAwMDAwMDAwMDAsInJlYWQiOjMwMDAwMDAwMDAwMCwidXBkYXRlIjoxODAwMDAwMDAwMDAwfSwic2NoZW1hX3ZlcnNpb24iOiIyIn0=",
          "dependencies": [
            "azurerm_resource_group.main",
            "data.azurerm_client_config.current"
          ]
        }
      ]
    },
    {
      "mode": "managed",
      "type": "azurerm_key_vault_access_policy",
      "name": "webapp",
      "provider": "provider[\"registry.terraform.io/hashicorp/azurerm\"]",
      "instances": [
        {
          "schema_version": 0,
          "attributes": {
            "application_id": null,
            "certificate_permissions": null,
            "id": "/subscriptions/aa9b9d31-16fc-44f6-b0a8-998116e5daf6/resourceGroups/SecureRG/providers/Microsoft.KeyVault/vaults/kv-securewebapp3380/objectId/e0f09505-c805-4854-90c9-579d2a01f822",
            "key_permissions": null,
            "key_vault_id": "/subscriptions/aa9b9d31-16fc-44f6-b0a8-998116e5daf6/resourceGroups/SecureRG/providers/Microsoft.KeyVault/vaults/kv-securewebapp3380",
            "object_id": "e0f09505-c805-4854-90c9-579d2a01f822",
            "secret_permissions": [
              "Get",
              "List"
            ],
            "storage_permissions": null,
            "tenant_id": "7cdc597a-a849-4ff1-99ba-35a997f7bf2e",
            "timeouts": null
          },
          "sensitive_attributes": [],
          "identity_schema_version": 0,
          "private": "eyJlMmJmYjczMC1lY2FhLTExZTYtOGY4OC0zNDM2M2JjN2M0YzAiOnsiY3JlYXRlIjoxODAwMDAwMDAwMDAwLCJkZWxldGUiOjE4MDAwMDAwMDAwMDAsInJlYWQiOjMwMDAwMDAwMDAwMCwidXBkYXRlIjoxODAwMDAwMDAwMDAwfX0=",
          "dependencies": [
            "azurerm_key_vault.main",
            "azurerm_linux_web_app.main",
            "azurerm_resource_group.main",
            "azurerm_service_plan.main",
            "data.azurerm_client_config.current"
          ]
        }
      ]
    },
    {
      "mode": "managed",
      "type": "azurerm_key_vault_secret",
      "name": "db_password",
      "provider": "provider[\"registry.terraform.io/hashicorp/azurerm\"]",
      "instances": [
        {
          "schema_version": 0,
          "attributes": {
            "content_type": "",
            "expiration_date": null,
            "id": "https://kv-securewebapp3380.vault.azure.net/secrets/DbPassword/bbd65b8812e44c6d9dc7cbe7baf22221",
            "key_vault_id": "/subscriptions/aa9b9d31-16fc-44f6-b0a8-998116e5daf6/resourceGroups/SecureRG/providers/Microsoft.KeyVault/vaults/kv-securewebapp3380",
            "name": "DbPassword",
            "not_before_date": null,
            "resource_id": "/subscriptions/aa9b9d31-16fc-44f6-b0a8-998116e5daf6/resourceGroups/SecureRG/providers/Microsoft.KeyVault/vaults/kv-securewebapp3380/secrets/DbPassword/versions/bbd65b8812e44c6d9dc7cbe7baf22221",
            "resource_versionless_id": "/subscriptions/aa9b9d31-16fc-44f6-b0a8-998116e5daf6/resourceGroups/SecureRG/providers/Microsoft.KeyVault/vaults/kv-securewebapp3380/secrets/DbPassword",
            "tags": {},
            "timeouts": null,
            "value": "TempPassword123!",
            "version": "bbd65b8812e44c6d9dc7cbe7baf22221",
            "versionless_id": "https://kv-securewebapp3380.vault.azure.net/secrets/DbPassword"
          },
          "sensitive_attributes": [
            [
              {
                "type": "get_attr",
                "value": "value"
              }
            ]
          ],
          "identity_schema_version": 0,
          "private": "eyJlMmJmYjczMC1lY2FhLTExZTYtOGY4OC0zNDM2M2JjN2M0YzAiOnsiY3JlYXRlIjoxODAwMDAwMDAwMDAwLCJkZWxldGUiOjE4MDAwMDAwMDAwMDAsInJlYWQiOjE4MDAwMDAwMDAwMDAsInVwZGF0ZSI6MTgwMDAwMDAwMDAwMH0sInNjaGVtYV92ZXJzaW9uIjoiMCJ9"
        }
      ]
    },
    {
      "mode": "managed",
      "type": "azurerm_linux_web_app",
      "name": "main",
      "provider": "provider[\"registry.terraform.io/hashicorp/azurerm\"]",
      "instances": [
        {
          "schema_version": 1,
          "attributes": {
            "app_settings": {
              "ASPNETCORE_ENVIRONMENT": "Production",
              "WEBSITE_RUN_FROM_PACKAGE": "1"
            },
            "auth_settings": [],
            "auth_settings_v2": [],
            "backup": [],
            "client_affinity_enabled": false,
            "client_certificate_enabled": false,
            "client_certificate_exclusion_paths": "",
            "client_certificate_mode": "Required",
            "connection_string": [],
            "custom_domain_verification_id": "FDA361E58B8593975027A7E4C829222802868027BC4A42EDE5F76B8254043C39",
            "default_hostname": "securewebapp3380.azurewebsites.net",
            "enabled": true,
            "ftp_publish_basic_authentication_enabled": true,
            "hosting_environment_id": "",
            "https_only": true,
            "id": "/subscriptions/aa9b9d31-16fc-44f6-b0a8-998116e5daf6/resourceGroups/SecureRG/providers/Microsoft.Web/sites/securewebapp3380",
            "identity": [
              {
                "identity_ids": [],
                "principal_id": "e0f09505-c805-4854-90c9-579d2a01f822",
                "tenant_id": "7cdc597a-a849-4ff1-99ba-35a997f7bf2e",
                "type": "SystemAssigned"
              }
            ],
            "key_vault_reference_identity_id": "SystemAssigned",
            "kind": "app,linux",
            "location": "italynorth",
            "logs": [],
            "name": "securewebapp3380",
            "outbound_ip_address_list": [
              "72.146.53.78",
              "72.146.53.93",
              "72.146.53.117",
              "72.146.53.130",
              "72.146.53.144",
              "72.146.53.184",
              "9.235.96.125",
              "4.232.240.146",
              "4.232.249.233",
              "4.232.224.248",
              "9.235.105.32",
              "4.232.248.101",
              "72.146.50.47",
              "72.146.51.63",
              "72.146.51.70",
              "72.146.51.149",
              "72.146.51.191",
              "72.146.51.229",
              "4.232.99.4"
            ],
            "outbound_ip_addresses": "72.146.53.78,72.146.53.93,72.146.53.117,72.146.53.130,72.146.53.144,72.146.53.184,9.235.96.125,4.232.240.146,4.232.249.233,4.232.224.248,9.235.105.32,4.232.248.101,72.146.50.47,72.146.51.63,72.146.51.70,72.146.51.149,72.146.51.191,72.146.51.229,4.232.99.4",
            "possible_outbound_ip_address_list": [
              "72.146.53.78",
              "72.146.53.93",
              "72.146.53.117",
              "72.146.53.130",
              "72.146.53.144",
              "72.146.53.184",
              "9.235.96.125",
              "4.232.240.146",
              "4.232.249.233",
              "4.232.224.248",
              "9.235.105.32",
              "4.232.248.101",
              "72.146.50.47",
              "72.146.51.63",
              "72.146.51.70",
              "72.146.51.149",
              "72.146.51.191",
              "72.146.51.229",
              "72.146.52.58",
              "72.146.52.69",
              "72.146.52.90",
              "72.146.52.115",
              "72.146.52.116",
              "72.146.52.138",
              "72.146.52.175",
              "72.146.52.177",
              "72.146.52.215",
              "72.146.52.230",
              "72.146.52.234",
              "72.146.52.238",
              "72.146.53.186",
              "72.146.53.199",
              "72.146.53.200",
              "72.146.54.10",
              "72.146.54.12",
              "72.146.48.228",
              "4.232.99.4"
            ],
            "possible_outbound_ip_addresses": "72.146.53.78,72.146.53.93,72.146.53.117,72.146.53.130,72.146.53.144,72.146.53.184,9.235.96.125,4.232.240.146,4.232.249.233,4.232.224.248,9.235.105.32,4.232.248.101,72.146.50.47,72.146.51.63,72.146.51.70,72.146.51.149,72.146.51.191,72.146.51.229,72.146.52.58,72.146.52.69,72.146.52.90,72.146.52.115,72.146.52.116,72.146.52.138,72.146.52.175,72.146.52.177,72.146.52.215,72.146.52.230,72.146.52.234,72.146.52.238,72.146.53.186,72.146.53.199,72.146.53.200,72.146.54.10,72.146.54.12,72.146.48.228,4.232.99.4",
            "public_network_access_enabled": true,
            "resource_group_name": "SecureRG",
            "service_plan_id": "/subscriptions/aa9b9d31-16fc-44f6-b0a8-998116e5daf6/resourceGroups/SecureRG/providers/Microsoft.Web/serverFarms/SecurePlan",
            "site_config": [
              {
                "always_on": true,
                "api_definition_url": "",
                "api_management_api_id": "",
                "app_command_line": "",
                "application_stack": [
                  {
                    "docker_image": "",
                    "docker_image_name": "",
                    "docker_image_tag": "",
                    "docker_registry_password": "",
                    "docker_registry_url": "",
                    "docker_registry_username": "",
                    "dotnet_version": "8.0",
                    "go_version": "",
                    "java_server": "",
                    "java_server_version": "",
                    "java_version": "",
                    "node_version": "",
                    "php_version": "",
                    "python_version": "",
                    "ruby_version": ""
                  }
                ],
                "auto_heal_enabled": false,
                "auto_heal_setting": [],
                "container_registry_managed_identity_client_id": "",
                "container_registry_use_managed_identity": false,
                "cors": [],
                "default_documents": [
                  "Default.htm",
                  "Default.html",
                  "Default.asp",
                  "index.htm",
                  "index.html",
                  "iisstart.htm",
                  "default.aspx",
                  "index.php",
                  "hostingstart.html"
                ],
                "detailed_error_logging_enabled": false,
                "ftps_state": "Disabled",
                "health_check_eviction_time_in_min": 0,
                "health_check_path": "",
                "http2_enabled": false,
                "ip_restriction": [],
                "ip_restriction_default_action": "Allow",
                "linux_fx_version": "DOTNETCORE|8.0",
                "load_balancing_mode": "LeastRequests",
                "local_mysql_enabled": false,
                "managed_pipeline_mode": "Integrated",
                "minimum_tls_version": "1.2",
                "remote_debugging_enabled": false,
                "remote_debugging_version": "VS2022",
                "scm_ip_restriction": [],
                "scm_ip_restriction_default_action": "Allow",
                "scm_minimum_tls_version": "1.2",
                "scm_type": "None",
                "scm_use_main_ip_restriction": false,
                "use_32_bit_worker": true,
                "vnet_route_all_enabled": false,
                "websockets_enabled": false,
                "worker_count": 1
              }
            ],
            "site_credential": [
              {
                "name": "$securewebapp3380",
                "password": "DClikPYdy6HPYiZiXTblScnCuZHurXuJxh6lBPX8aXpj2PZY3hihlMCg5H3A"
              }
            ],
            "sticky_settings": [],
            "storage_account": [],
            "tags": {},
            "timeouts": null,
            "virtual_network_subnet_id": "",
            "webdeploy_publish_basic_authentication_enabled": true,
            "zip_deploy_file": ""
          },
          "sensitive_attributes": [
            [
              {
                "type": "get_attr",
                "value": "custom_domain_verification_id"
              }
            ],
            [
              {
                "type": "get_attr",
                "value": "site_config"
              },
              {
                "type": "index",
                "value": {
                  "value": 0,
                  "type": "number"
                }
              },
              {
                "type": "get_attr",
                "value": "application_stack"
              },
              {
                "type": "index",
                "value": {
                  "value": 0,
                  "type": "number"
                }
              },
              {
                "type": "get_attr",
                "value": "docker_registry_password"
              }
            ],
            [
              {
                "type": "get_attr",
                "value": "site_credential"
              }
            ]
          ],
          "identity_schema_version": 0,
          "private": "eyJlMmJmYjczMC1lY2FhLTExZTYtOGY4OC0zNDM2M2JjN2M0YzAiOnsiY3JlYXRlIjoxODAwMDAwMDAwMDAwLCJkZWxldGUiOjE4MDAwMDAwMDAwMDAsInJlYWQiOjMwMDAwMDAwMDAwMCwidXBkYXRlIjoxODAwMDAwMDAwMDAwfSwic2NoZW1hX3ZlcnNpb24iOiIxIn0=",
          "dependencies": [
            "azurerm_resource_group.main",
            "azurerm_service_plan.main"
          ]
        }
      ]
    },
    {
      "mode": "managed",
      "type": "azurerm_linux_web_app_slot",
      "name": "staging",
      "provider": "provider[\"registry.terraform.io/hashicorp/azurerm\"]",
      "instances": [
        {
          "schema_version": 1,
          "attributes": {
            "app_metadata": {},
            "app_service_id": "/subscriptions/aa9b9d31-16fc-44f6-b0a8-998116e5daf6/resourceGroups/SecureRG/providers/Microsoft.Web/sites/securewebapp3380",
            "app_settings": {
              "ASPNETCORE_ENVIRONMENT": "Staging",
              "WEBSITE_RUN_FROM_PACKAGE": "1"
            },
            "auth_settings": [],
            "auth_settings_v2": [],
            "backup": [],
            "client_affinity_enabled": false,
            "client_certificate_enabled": false,
            "client_certificate_exclusion_paths": "",
            "client_certificate_mode": "Required",
            "connection_string": [],
            "custom_domain_verification_id": "FDA361E58B8593975027A7E4C829222802868027BC4A42EDE5F76B8254043C39",
            "default_hostname": "securewebapp3380-staging.azurewebsites.net",
            "enabled": true,
            "ftp_publish_basic_authentication_enabled": true,
            "hosting_environment_id": "",
            "https_only": true,
            "id": "/subscriptions/aa9b9d31-16fc-44f6-b0a8-998116e5daf6/resourceGroups/SecureRG/providers/Microsoft.Web/sites/securewebapp3380/slots/staging",
            "identity": [],
            "key_vault_reference_identity_id": "SystemAssigned",
            "kind": "app,linux",
            "logs": [],
            "name": "staging",
            "outbound_ip_address_list": [
              "72.146.53.78",
              "72.146.53.93",
              "72.146.53.117",
              "72.146.53.130",
              "72.146.53.144",
              "72.146.53.184",
              "9.235.96.125",
              "4.232.240.146",
              "4.232.249.233",
              "4.232.224.248",
              "9.235.105.32",
              "4.232.248.101",
              "72.146.50.47",
              "72.146.51.63",
              "72.146.51.70",
              "72.146.51.149",
              "72.146.51.191",
              "72.146.51.229",
              "4.232.99.4"
            ],
            "outbound_ip_addresses": "72.146.53.78,72.146.53.93,72.146.53.117,72.146.53.130,72.146.53.144,72.146.53.184,9.235.96.125,4.232.240.146,4.232.249.233,4.232.224.248,9.235.105.32,4.232.248.101,72.146.50.47,72.146.51.63,72.146.51.70,72.146.51.149,72.146.51.191,72.146.51.229,4.232.99.4",
            "possible_outbound_ip_address_list": [
              "72.146.53.78",
              "72.146.53.93",
              "72.146.53.117",
              "72.146.53.130",
              "72.146.53.144",
              "72.146.53.184",
              "9.235.96.125",
              "4.232.240.146",
              "4.232.249.233",
              "4.232.224.248",
              "9.235.105.32",
              "4.232.248.101",
              "72.146.50.47",
              "72.146.51.63",
              "72.146.51.70",
              "72.146.51.149",
              "72.146.51.191",
              "72.146.51.229",
              "72.146.52.58",
              "72.146.52.69",
              "72.146.52.90",
              "72.146.52.115",
              "72.146.52.116",
              "72.146.52.138",
              "72.146.52.175",
              "72.146.52.177",
              "72.146.52.215",
              "72.146.52.230",
              "72.146.52.234",
              "72.146.52.238",
              "72.146.53.186",
              "72.146.53.199",
              "72.146.53.200",
              "72.146.54.10",
              "72.146.54.12",
              "72.146.48.228",
              "4.232.99.4"
            ],
            "possible_outbound_ip_addresses": "72.146.53.78,72.146.53.93,72.146.53.117,72.146.53.130,72.146.53.144,72.146.53.184,9.235.96.125,4.232.240.146,4.232.249.233,4.232.224.248,9.235.105.32,4.232.248.101,72.146.50.47,72.146.51.63,72.146.51.70,72.146.51.149,72.146.51.191,72.146.51.229,72.146.52.58,72.146.52.69,72.146.52.90,72.146.52.115,72.146.52.116,72.146.52.138,72.146.52.175,72.146.52.177,72.146.52.215,72.146.52.230,72.146.52.234,72.146.52.238,72.146.53.186,72.146.53.199,72.146.53.200,72.146.54.10,72.146.54.12,72.146.48.228,4.232.99.4",
            "public_network_access_enabled": true,
            "service_plan_id": "",
            "site_config": [
              {
                "always_on": true,
                "api_definition_url": "",
                "api_management_api_id": "",
                "app_command_line": "",
                "application_stack": [
                  {
                    "docker_image": "",
                    "docker_image_name": "",
                    "docker_image_tag": "",
                    "docker_registry_password": "",
                    "docker_registry_url": "",
                    "docker_registry_username": "",
                    "dotnet_version": "8.0",
                    "go_version": "",
                    "java_server": "",
                    "java_server_version": "",
                    "java_version": "",
                    "node_version": "",
                    "php_version": "",
                    "python_version": "",
                    "ruby_version": ""
                  }
                ],
                "auto_heal_enabled": false,
                "auto_heal_setting": [],
                "auto_swap_slot_name": "",
                "container_registry_managed_identity_client_id": "",
                "container_registry_use_managed_identity": false,
                "cors": [],
                "default_documents": [
                  "Default.htm",
                  "Default.html",
                  "Default.asp",
                  "index.htm",
                  "index.html",
                  "iisstart.htm",
                  "default.aspx",
                  "index.php",
                  "hostingstart.html"
                ],
                "detailed_error_logging_enabled": false,
                "ftps_state": "Disabled",
                "health_check_eviction_time_in_min": 0,
                "health_check_path": "",
                "http2_enabled": false,
                "ip_restriction": [],
                "ip_restriction_default_action": "Allow",
                "linux_fx_version": "DOTNETCORE|8.0",
                "load_balancing_mode": "LeastRequests",
                "local_mysql_enabled": false,
                "managed_pipeline_mode": "Integrated",
                "minimum_tls_version": "1.2",
                "remote_debugging_enabled": false,
                "remote_debugging_version": "VS2022",
                "scm_ip_restriction": [],
                "scm_ip_restriction_default_action": "Allow",
                "scm_minimum_tls_version": "1.2",
                "scm_type": "None",
                "scm_use_main_ip_restriction": false,
                "use_32_bit_worker": true,
                "vnet_route_all_enabled": false,
                "websockets_enabled": false,
                "worker_count": 1
              }
            ],
            "site_credential": [
              {
                "name": "$securewebapp3380__staging",
                "password": "mpFuFjZpu92Pq0h3LoEAaX8WLSmQDAA6cjpNeAHPl7pWKvTwMYCnsqn7e8DN"
              }
            ],
            "storage_account": [],
            "tags": {},
            "timeouts": null,
            "virtual_network_subnet_id": "",
            "webdeploy_publish_basic_authentication_enabled": true,
            "zip_deploy_file": ""
          },
          "sensitive_attributes": [
            [
              {
                "type": "get_attr",
                "value": "custom_domain_verification_id"
              }
            ],
            [
              {
                "type": "get_attr",
                "value": "site_config"
              },
              {
                "type": "index",
                "value": {
                  "value": 0,
                  "type": "number"
                }
              },
              {
                "type": "get_attr",
                "value": "application_stack"
              },
              {
                "type": "index",
                "value": {
                  "value": 0,
                  "type": "number"
                }
              },
              {
                "type": "get_attr",
                "value": "docker_registry_password"
              }
            ],
            [
              {
                "type": "get_attr",
                "value": "site_credential"
              }
            ]
          ],
          "identity_schema_version": 0,
          "private": "eyJlMmJmYjczMC1lY2FhLTExZTYtOGY4OC0zNDM2M2JjN2M0YzAiOnsiY3JlYXRlIjoxODAwMDAwMDAwMDAwLCJkZWxldGUiOjE4MDAwMDAwMDAwMDAsInJlYWQiOjMwMDAwMDAwMDAwMCwidXBkYXRlIjoxODAwMDAwMDAwMDAwfSwic2NoZW1hX3ZlcnNpb24iOiIxIn0=",
          "dependencies": [
            "azurerm_linux_web_app.main",
            "azurerm_resource_group.main",
            "azurerm_service_plan.main"
          ]
        }
      ]
    },
    {
      "mode": "managed",
      "type": "azurerm_resource_group",
      "name": "main",
      "provider": "provider[\"registry.terraform.io/hashicorp/azurerm\"]",
      "instances": [
        {
          "schema_version": 0,
          "attributes": {
            "id": "/subscriptions/aa9b9d31-16fc-44f6-b0a8-998116e5daf6/resourceGroups/SecureRG",
            "location": "italynorth",
            "managed_by": "",
            "name": "SecureRG",
            "tags": {},
            "timeouts": null
          },
          "sensitive_attributes": [],
          "identity_schema_version": 0,
          "private": "eyJlMmJmYjczMC1lY2FhLTExZTYtOGY4OC0zNDM2M2JjN2M0YzAiOnsiY3JlYXRlIjo1NDAwMDAwMDAwMDAwLCJkZWxldGUiOjU0MDAwMDAwMDAwMDAsInJlYWQiOjMwMDAwMDAwMDAwMCwidXBkYXRlIjo1NDAwMDAwMDAwMDAwfSwic2NoZW1hX3ZlcnNpb24iOiIwIn0="
        }
      ]
    },
    {
      "mode": "managed",
      "type": "azurerm_service_plan",
      "name": "main",
      "provider": "provider[\"registry.terraform.io/hashicorp/azurerm\"]",
      "instances": [
        {
          "schema_version": 1,
          "attributes": {
            "app_service_environment_id": "",
            "id": "/subscriptions/aa9b9d31-16fc-44f6-b0a8-998116e5daf6/resourceGroups/SecureRG/providers/Microsoft.Web/serverFarms/SecurePlan",
            "kind": "linux",
            "location": "italynorth",
            "maximum_elastic_worker_count": 1,
            "name": "SecurePlan",
            "os_type": "Linux",
            "per_site_scaling_enabled": false,
            "reserved": true,
            "resource_group_name": "SecureRG",
            "sku_name": "S1",
            "tags": {},
            "timeouts": null,
            "worker_count": 1,
            "zone_balancing_enabled": false
          },
          "sensitive_attributes": [],
          "identity_schema_version": 0,
          "private": "eyJlMmJmYjczMC1lY2FhLTExZTYtOGY4OC0zNDM2M2JjN2M0YzAiOnsiY3JlYXRlIjozNjAwMDAwMDAwMDAwLCJkZWxldGUiOjM2MDAwMDAwMDAwMDAsInJlYWQiOjMwMDAwMDAwMDAwMCwidXBkYXRlIjozNjAwMDAwMDAwMDAwfSwic2NoZW1hX3ZlcnNpb24iOiIxIn0=",
          "dependencies": [
            "azurerm_resource_group.main"
          ]
        }
      ]
    }
  ],
  "check_results": null
}
